
Microsoft Visual Studio Solution File, Format Version 12.00
# Visual Studio 15
VisualStudioVersion = 15.0.28307.421
MinimumVisualStudioVersion = 10.0.40219.1
Project("{2150E333-8FDC-42A3-9474-1A3956D46DE8}") = "RedisPlus", "RedisPlus", "{EEAD8385-8647-4C84-B696-1B693A0883D9}"
EndProject
Project("{2150E333-8FDC-42A3-9474-1A3956D46DE8}") = "SocketPlus", "SocketPlus", "{63F542DB-92D9-4CA2-9144-CB5DA9ACF660}"
EndProject
Project("{2150E333-8FDC-42A3-9474-1A3956D46DE8}") = "生产消费模式", "生产消费模式", "{21665FC5-530E-4CA5-ADD2-3EE292104DAF}"
EndProject
Project("{2150E333-8FDC-42A3-9474-1A3956D46DE8}") = "发布订阅模式", "发布订阅模式", "{53B15275-0F92-4288-92E2-BD05D3DECBB8}"
EndProject
Project("{2150E333-8FDC-42A3-9474-1A3956D46DE8}") = "MQPlus", "MQPlus", "{6EEF0405-A28D-4BFD-B162-41B552F83D6B}"
EndProject
Project("{FAE04EC0-301F-11D3-BF4B-00C04F79EFBC}") = "SocketServer", "SocketServer\SocketServer.csproj", "{265B925F-38B2-40FF-B615-520541656C7B}"
EndProject
Project("{FAE04EC0-301F-11D3-BF4B-00C04F79EFBC}") = "消费者", "消费者\消费者.csproj", "{3A95396A-AF55-496A-A590-574568C20090}"
EndProject
Project("{FAE04EC0-301F-11D3-BF4B-00C04F79EFBC}") = "生产者", "生产者\生产者.csproj", "{ED20ADDA-3112-4EE1-96C8-79FD19538213}"
EndProject
Project("{FAE04EC0-301F-11D3-BF4B-00C04F79EFBC}") = "发布者", "发布者\发布者.csproj", "{61E16AE5-BB32-4196-A1FF-78C2BC8FE998}"
EndProject
Project("{FAE04EC0-301F-11D3-BF4B-00C04F79EFBC}") = "订阅者", "订阅者\订阅者.csproj", "{37B98D9A-3F6C-4217-9925-339F15C1246E}"
EndProject
Project("{2150E333-8FDC-42A3-9474-1A3956D46DE8}") = "缓存", "缓存", "{D2F273FC-C54A-4FA1-997E-B7B3E941BB65}"
EndProject
Global
	GlobalSection(SolutionConfigurationPlatforms) = preSolution
		Debug|Any CPU = Debug|Any CPU
		Release|Any CPU = Release|Any CPU
	EndGlobalSection
	GlobalSection(ProjectConfigurationPlatforms) = postSolution
		{265B925F-38B2-40FF-B615-520541656C7B}.Debug|Any CPU.ActiveCfg = Debug|Any CPU
		{265B925F-38B2-40FF-B615-520541656C7B}.Debug|Any CPU.Build.0 = Debug|Any CPU
		{265B925F-38B2-40FF-B615-520541656C7B}.Release|Any CPU.ActiveCfg = Release|Any CPU
		{265B925F-38B2-40FF-B615-520541656C7B}.Release|Any CPU.Build.0 = Release|Any CPU
		{3A95396A-AF55-496A-A590-574568C20090}.Debug|Any CPU.ActiveCfg = Debug|Any CPU
		{3A95396A-AF55-496A-A590-574568C20090}.Debug|Any CPU.Build.0 = Debug|Any CPU
		{3A95396A-AF55-496A-A590-574568C20090}.Release|Any CPU.ActiveCfg = Release|Any CPU
		{3A95396A-AF55-496A-A590-574568C20090}.Release|Any CPU.Build.0 = Release|Any CPU
		{ED20ADDA-3112-4EE1-96C8-79FD19538213}.Debug|Any CPU.ActiveCfg = Debug|Any CPU
		{ED20ADDA-3112-4EE1-96C8-79FD19538213}.Debug|Any CPU.Build.0 = Debug|Any CPU
		{ED20ADDA-3112-4EE1-96C8-79FD19538213}.Release|Any CPU.ActiveCfg = Release|Any CPU
		{ED20ADDA-3112-4EE1-96C8-79FD19538213}.Release|Any CPU.Build.0 = Release|Any CPU
		{61E16AE5-BB32-4196-A1FF-78C2BC8FE998}.Debug|Any CPU.ActiveCfg = Debug|Any CPU
		{61E16AE5-BB32-4196-A1FF-78C2BC8FE998}.Debug|Any CPU.Build.0 = Debug|Any CPU
		{61E16AE5-BB32-4196-A1FF-78C2BC8FE998}.Release|Any CPU.ActiveCfg = Release|Any CPU
		{61E16AE5-BB32-4196-A1FF-78C2BC8FE998}.Release|Any CPU.Build.0 = Release|Any CPU
		{37B98D9A-3F6C-4217-9925-339F15C1246E}.Debug|Any CPU.ActiveCfg = Debug|Any CPU
		{37B98D9A-3F6C-4217-9925-339F15C1246E}.Debug|Any CPU.Build.0 = Debug|Any CPU
		{37B98D9A-3F6C-4217-9925-339F15C1246E}.Release|Any CPU.ActiveCfg = Release|Any CPU
		{37B98D9A-3F6C-4217-9925-339F15C1246E}.Release|Any CPU.Build.0 = Release|Any CPU
	EndGlobalSection
	GlobalSection(SolutionProperties) = preSolution
		HideSolutionNode = FALSE
	EndGlobalSection
	GlobalSection(NestedProjects) = preSolution
		{21665FC5-530E-4CA5-ADD2-3EE292104DAF} = {EEAD8385-8647-4C84-B696-1B693A0883D9}
		{53B15275-0F92-4288-92E2-BD05D3DECBB8} = {EEAD8385-8647-4C84-B696-1B693A0883D9}
		{265B925F-38B2-40FF-B615-520541656C7B} = {63F542DB-92D9-4CA2-9144-CB5DA9ACF660}
		{3A95396A-AF55-496A-A590-574568C20090} = {21665FC5-530E-4CA5-ADD2-3EE292104DAF}
		{ED20ADDA-3112-4EE1-96C8-79FD19538213} = {21665FC5-530E-4CA5-ADD2-3EE292104DAF}
		{61E16AE5-BB32-4196-A1FF-78C2BC8FE998} = {53B15275-0F92-4288-92E2-BD05D3DECBB8}
		{37B98D9A-3F6C-4217-9925-339F15C1246E} = {53B15275-0F92-4288-92E2-BD05D3DECBB8}
		{D2F273FC-C54A-4FA1-997E-B7B3E941BB65} = {EEAD8385-8647-4C84-B696-1B693A0883D9}
	EndGlobalSection
	GlobalSection(ExtensibilityGlobals) = postSolution
		SolutionGuid = {3C417907-3050-4FF0-AC63-53810CCB2CB7}
	EndGlobalSection
EndGlobal
